# THIS IS AN AUTOGENERATED FILE. DO NOT EDIT THIS FILE DIRECTLY.
# yarn lockfile v1


"@client-side-validations/client-side-validations@^0.1.1":
  version "0.1.1"
  resolved "https://registry.yarnpkg.com/@client-side-validations/client-side-validations/-/client-side-validations-0.1.1.tgz#588488972ad09a5b5e50d2b8e2916bc8b2138c88"
  integrity sha512-f/5dczipcMzEvxIm+SAWDdKjfQtt/aX8N613BeL+CJymv9VIwT9NNXxzrZ9QJyOfDhpudO1teJ9e3UdxDYts+A==

jquery@^3.5.0:
  version "3.5.0"
  resolved "https://registry.yarnpkg.com/jquery/-/jquery-3.5.0.tgz#9980b97d9e4194611c36530e7dc46a58d7340fc9"
  integrity sha512-Xb7SVYMvygPxbFMpTFQiHh1J7HClEaThguL15N/Gg37Lri/qKyhRGZYzHRyLH8Stq3Aow0LsHO2O2ci86fCrNQ==
